
Microsoft Visual Studio Solution File, Format Version 12.00
# Visual Studio Version 17
VisualStudioVersion = 17.5.002.0
MinimumVisualStudioVersion = 10.0.40219.1
Project("{9A19103F-16F7-4668-BE54-9A1E7A4F7556}") = "imgprsr", "imgprsr.csproj", "{FDE0A7D9-EFBC-4B3B-AD69-58C0A614EE04}"
EndProject
Global
	GlobalSection(SolutionConfigurationPlatforms) = preSolution
		Debug|Any CPU = Debug|Any CPU
		Release|Any CPU = Release|Any CPU
	EndGlobalSection
	GlobalSection(ProjectConfigurationPlatforms) = postSolution
		{FDE0A7D9-EFBC-4B3B-AD69-58C0A614EE04}.Debug|Any CPU.ActiveCfg = Debug|Any CPU
		{FDE0A7D9-EFBC-4B3B-AD69-58C0A614EE04}.Debug|Any CPU.Build.0 = Debug|Any CPU
		{FDE0A7D9-EFBC-4B3B-AD69-58C0A614EE04}.Release|Any CPU.ActiveCfg = Release|Any CPU
		{FDE0A7D9-EFBC-4B3B-AD69-58C0A614EE04}.Release|Any CPU.Build.0 = Release|Any CPU
	EndGlobalSection
	GlobalSection(SolutionProperties) = preSolution
		HideSolutionNode = FALSE
	EndGlobalSection
	GlobalSection(ExtensibilityGlobals) = postSolution
		SolutionGuid = {84C3530C-E075-433C-94DE-7DF857816BB3}
	EndGlobalSection
EndGlobal
